
Microsoft Visual Studio Solution File, Format Version 11.00
# Visual Studio Version 17

Project("{8BC9CEB8-8B4A-11D0-8D11-00A0C91BC942}") = "TP Reverb - Standalone Plugin", "TP Reverb_StandalonePlugin.vcxproj", "{29B6EC8B-2ECE-71C0-3872-81E190A620B0}"
	ProjectSection(ProjectDependencies) = postProject
		{1DF11ECE-D9AC-313B-FBA6-D1E6B74057DF} = {1DF11ECE-D9AC-313B-FBA6-D1E6B74057DF}
	EndProjectSection
EndProject
Project("{8BC9CEB8-8B4A-11D0-8D11-00A0C91BC942}") = "TP Reverb - VST3", "TP Reverb_VST3.vcxproj", "{A3A8A18F-7199-09B7-6691-25EA3D4088C0}"
	ProjectSection(ProjectDependencies) = postProject
		{1DF11ECE-D9AC-313B-FBA6-D1E6B74057DF} = {1DF11ECE-D9AC-313B-FBA6-D1E6B74057DF}
		{8C159546-A0F1-F9E4-0E36-C5217261CA51} = {8C159546-A0F1-F9E4-0E36-C5217261CA51}
	EndProjectSection
EndProject
Project("{8BC9CEB8-8B4A-11D0-8D11-00A0C91BC942}") = "TP Reverb - Shared Code", "TP Reverb_SharedCode.vcxproj", "{1DF11ECE-D9AC-313B-FBA6-D1E6B74057DF}"
EndProject
Project("{8BC9CEB8-8B4A-11D0-8D11-00A0C91BC942}") = "TP Reverb - VST3 Manifest Helper", "TP Reverb_VST3ManifestHelper.vcxproj", "{8C159546-A0F1-F9E4-0E36-C5217261CA51}"
EndProject
Global
	GlobalSection(SolutionConfigurationPlatforms) = preSolution
		Debug|x64 = Debug|x64
		Release|x64 = Release|x64
	EndGlobalSection
	GlobalSection(ProjectConfigurationPlatforms) = postSolution
		{A3A8A18F-7199-09B7-6691-25EA3D4088C0}.Debug|x64.ActiveCfg = Debug|x64
		{A3A8A18F-7199-09B7-6691-25EA3D4088C0}.Debug|x64.Build.0 = Debug|x64
		{A3A8A18F-7199-09B7-6691-25EA3D4088C0}.Release|x64.ActiveCfg = Release|x64
		{A3A8A18F-7199-09B7-6691-25EA3D4088C0}.Release|x64.Build.0 = Release|x64
		{29B6EC8B-2ECE-71C0-3872-81E190A620B0}.Debug|x64.ActiveCfg = Debug|x64
		{29B6EC8B-2ECE-71C0-3872-81E190A620B0}.Debug|x64.Build.0 = Debug|x64
		{29B6EC8B-2ECE-71C0-3872-81E190A620B0}.Release|x64.ActiveCfg = Release|x64
		{29B6EC8B-2ECE-71C0-3872-81E190A620B0}.Release|x64.Build.0 = Release|x64
		{1DF11ECE-D9AC-313B-FBA6-D1E6B74057DF}.Debug|x64.ActiveCfg = Debug|x64
		{1DF11ECE-D9AC-313B-FBA6-D1E6B74057DF}.Debug|x64.Build.0 = Debug|x64
		{1DF11ECE-D9AC-313B-FBA6-D1E6B74057DF}.Release|x64.ActiveCfg = Release|x64
		{1DF11ECE-D9AC-313B-FBA6-D1E6B74057DF}.Release|x64.Build.0 = Release|x64
		{8C159546-A0F1-F9E4-0E36-C5217261CA51}.Debug|x64.ActiveCfg = Debug|x64
		{8C159546-A0F1-F9E4-0E36-C5217261CA51}.Debug|x64.Build.0 = Debug|x64
		{8C159546-A0F1-F9E4-0E36-C5217261CA51}.Release|x64.ActiveCfg = Release|x64
		{8C159546-A0F1-F9E4-0E36-C5217261CA51}.Release|x64.Build.0 = Release|x64
	EndGlobalSection
	GlobalSection(SolutionProperties) = preSolution
		HideSolutionNode = FALSE
	EndGlobalSection
EndGlobal
